
Microsoft Visual Studio Solution File, Format Version 12.00
# Visual Studio 15
VisualStudioVersion = 15.0.28307.539
MinimumVisualStudioVersion = 10.0.40219.1
Project("{FAE04EC0-301F-11D3-BF4B-00C04F79EFBC}") = "EZNEW.Data.SqlServer", "EZNEW.Data.SqlServer\EZNEW.Data.SqlServer.csproj", "{143347C3-53C2-41E4-94AF-A427D7DDFB31}"
EndProject
Global
	GlobalSection(SolutionConfigurationPlatforms) = preSolution
		Debug|Any CPU = Debug|Any CPU
		Release|Any CPU = Release|Any CPU
	EndGlobalSection
	GlobalSection(ProjectConfigurationPlatforms) = postSolution
		{143347C3-53C2-41E4-94AF-A427D7DDFB31}.Debug|Any CPU.ActiveCfg = Debug|Any CPU
		{143347C3-53C2-41E4-94AF-A427D7DDFB31}.Debug|Any CPU.Build.0 = Debug|Any CPU
		{143347C3-53C2-41E4-94AF-A427D7DDFB31}.Release|Any CPU.ActiveCfg = Release|Any CPU
		{143347C3-53C2-41E4-94AF-A427D7DDFB31}.Release|Any CPU.Build.0 = Release|Any CPU
	EndGlobalSection
	GlobalSection(SolutionProperties) = preSolution
		HideSolutionNode = FALSE
	EndGlobalSection
	GlobalSection(ExtensibilityGlobals) = postSolution
		SolutionGuid = {AB6DAF42-3235-4CEA-A23D-D8C0D2D65512}
	EndGlobalSection
EndGlobal
